{
    "_readme": [
        "This file locks the dependencies of your project to a known state",
        "Read more about it at https://getcomposer.org/doc/01-basic-usage.md#installing-dependencies",
        "This file is @generated automatically"
    ],
    "content-hash": "005bfe438d4830ab23329289251fc2da",
    "packages": [
        {
            "name": "netpromotion/profiler",
            "version": "v1.3.0",
            "source": {
                "type": "git",
                "url": "https://github.com/netpromotion/profiler.git",
                "reference": "a3c0a625c2dba9a03e1c738e51fe05d24909bb7e"
            },
            "dist": {
                "type": "zip",
                "url": "https://api.github.com/repos/netpromotion/profiler/zipball/a3c0a625c2dba9a03e1c738e51fe05d24909bb7e",
                "reference": "a3c0a625c2dba9a03e1c738e51fe05d24909bb7e",
                "shasum": ""
            },
            "require": {
                "petrknap/php-profiler": "^1.1",
                "petrknap/php-singleton": "^1.0",
                "php": ">=5.4"
            },
            "conflict": {
                "nette/di": "<2.2 || >=3",
                "tracy/tracy": "<2.2 || >=3"
            },
            "require-dev": {
                "laravel/lumen-framework": "^5.0",
                "latte/latte": "^2.3",
                "netpromotion/tracy-wrapper": "^1.0",
                "nette/application": "^2.3",
                "nette/bootstrap": "^2.3",
                "nette/di": "*",
                "phpunit/phpunit": "^4.8",
                "tracy/tracy": "*"
            },
            "type": "library",
            "autoload": {
                "psr-4": {
                    "Netpromotion\\Profiler\\": "src/Profiler"
                }
            },
            "notification-url": "https://packagist.org/downloads/",
            "license": [
                "MIT"
            ],
            "authors": [
                {
                    "name": "Petr Knap",
                    "email": "knap@netpromotion.cz"
                }
            ],
            "description": "Profiler with adapter for Tracy",
            "support": {
                "issues": "https://github.com/netpromotion/profiler/issues",
                "source": "https://github.com/netpromotion/profiler/tree/master"
            },
            "time": "2016-10-05T09:25:18+00:00"
        },
        {
            "name": "nette/finder",
            "version": "v2.5.2",
            "source": {
                "type": "git",
                "url": "https://github.com/nette/finder.git",
                "reference": "4ad2c298eb8c687dd0e74ae84206a4186eeaed50"
            },
            "dist": {
                "type": "zip",
                "url": "https://api.github.com/repos/nette/finder/zipball/4ad2c298eb8c687dd0e74ae84206a4186eeaed50",
                "reference": "4ad2c298eb8c687dd0e74ae84206a4186eeaed50",
                "shasum": ""
            },
            "require": {
                "nette/utils": "^2.4 || ^3.0",
                "php": ">=7.1"
            },
            "conflict": {
                "nette/nette": "<2.2"
            },
            "require-dev": {
                "nette/tester": "^2.0",
                "phpstan/phpstan": "^0.12",
                "tracy/tracy": "^2.3"
            },
            "type": "library",
            "extra": {
                "branch-alias": {
                    "dev-master": "2.5-dev"
                }
            },
            "autoload": {
                "classmap": [
                    "src/"
                ]
            },
            "notification-url": "https://packagist.org/downloads/",
            "license": [
                "BSD-3-Clause",
                "GPL-2.0",
                "GPL-3.0"
            ],
            "authors": [
                {
                    "name": "David Grudl",
                    "homepage": "https://davidgrudl.com"
                },
                {
                    "name": "Nette Community",
                    "homepage": "https://nette.org/contributors"
                }
            ],
            "description": "🔍 Nette Finder: find files and directories with an intuitive API.",
            "homepage": "https://nette.org",
            "keywords": [
                "filesystem",
                "glob",
                "iterator",
                "nette"
            ],
            "support": {
                "issues": "https://github.com/nette/finder/issues",
                "source": "https://github.com/nette/finder/tree/v2.5.2"
            },
            "time": "2020-01-03T20:35:40+00:00"
        },
        {
            "name": "nette/php-generator",
            "version": "v3.6.0",
            "source": {
                "type": "git",
                "url": "https://github.com/nette/php-generator.git",
                "reference": "2f28a34203ea2e730371d913fc06ae45b6e9baaa"
            },
            "dist": {
                "type": "zip",
                "url": "https://api.github.com/repos/nette/php-generator/zipball/2f28a34203ea2e730371d913fc06ae45b6e9baaa",
                "reference": "2f28a34203ea2e730371d913fc06ae45b6e9baaa",
                "shasum": ""
            },
            "require": {
                "nette/utils": "^3.1.2",
                "php": ">=7.2 <8.2"
            },
            "require-dev": {
                "nette/tester": "^2.0",
                "nikic/php-parser": "^4.4",
                "phpstan/phpstan": "^0.12",
                "tracy/tracy": "^2.3"
            },
            "suggest": {
                "nikic/php-parser": "to use ClassType::withBodiesFrom() & GlobalFunction::withBodyFrom()"
            },
            "type": "library",
            "extra": {
                "branch-alias": {
                    "dev-master": "3.6-dev"
                }
            },
            "autoload": {
                "classmap": [
                    "src/"
                ]
            },
            "notification-url": "https://packagist.org/downloads/",
            "license": [
                "BSD-3-Clause",
                "GPL-2.0-only",
                "GPL-3.0-only"
            ],
            "authors": [
                {
                    "name": "David Grudl",
                    "homepage": "https://davidgrudl.com"
                },
                {
                    "name": "Nette Community",
                    "homepage": "https://nette.org/contributors"
                }
            ],
            "description": "🐘 Nette PHP Generator: generates neat PHP code for you. Supports new PHP 8.1 features.",
            "homepage": "https://nette.org",
            "keywords": [
                "code",
                "nette",
                "php",
                "scaffolding"
            ],
            "support": {
                "issues": "https://github.com/nette/php-generator/issues",
                "source": "https://github.com/nette/php-generator/tree/v3.6.0"
            },
            "time": "2021-08-29T15:43:46+00:00"
        },
        {
            "name": "nette/robot-loader",
            "version": "v3.1.3",
            "source": {
                "type": "git",
                "url": "https://github.com/nette/robot-loader.git",
                "reference": "d9a653a1f0f347fe4c12e98b39b2adeb59ba0d96"
            },
            "dist": {
                "type": "zip",
                "url": "https://api.github.com/repos/nette/robot-loader/zipball/d9a653a1f0f347fe4c12e98b39b2adeb59ba0d96",
                "reference": "d9a653a1f0f347fe4c12e98b39b2adeb59ba0d96",
                "shasum": ""
            },
            "require": {
                "ext-tokenizer": "*",
                "nette/finder": "^2.3 || ^3.0",
                "nette/utils": "^2.4 || ^3.0",
                "php": ">=5.6 <8.1"
            },
            "conflict": {
                "nette/nette": "<2.2"
            },
            "require-dev": {
                "nette/tester": "^2.0",
                "tracy/tracy": "^2.3"
            },
            "type": "library",
            "extra": {
                "branch-alias": {
                    "dev-master": "3.1-dev"
                }
            },
            "autoload": {
                "classmap": [
                    "src/"
                ]
            },
            "notification-url": "https://packagist.org/downloads/",
            "license": [
                "BSD-3-Clause",
                "GPL-2.0",
                "GPL-3.0"
            ],
            "authors": [
                {
                    "name": "David Grudl",
                    "homepage": "https://davidgrudl.com"
                },
                {
                    "name": "Nette Community",
                    "homepage": "https://nette.org/contributors"
                }
            ],
            "description": "🍀 Nette RobotLoader: high performance and comfortable autoloader that will search and autoload classes within your application.",
            "homepage": "https://nette.org",
            "keywords": [
                "autoload",
                "class",
                "interface",
                "nette",
                "trait"
            ],
            "support": {
                "issues": "https://github.com/nette/robot-loader/issues",
                "source": "https://github.com/nette/robot-loader/tree/v3.1.3"
            },
            "time": "2021-03-06T15:39:14+00:00"
        },
        {
            "name": "nette/safe-stream",
            "version": "v2.4.2",
            "source": {
                "type": "git",
                "url": "https://github.com/nette/safe-stream.git",
                "reference": "921bd889860cf697a022642e628d086c9048ca67"
            },
            "dist": {
                "type": "zip",
                "url": "https://api.github.com/repos/nette/safe-stream/zipball/921bd889860cf697a022642e628d086c9048ca67",
                "reference": "921bd889860cf697a022642e628d086c9048ca67",
                "shasum": ""
            },
            "require": {
                "php": ">=7.1"
            },
            "require-dev": {
                "nette/tester": "^2.0",
                "phpstan/phpstan": "^0.12",
                "tracy/tracy": "^2.3"
            },
            "type": "library",
            "extra": {
                "branch-alias": {
                    "dev-master": "2.4-dev"
                }
            },
            "autoload": {
                "files": [
                    "src/loader.php"
                ]
            },
            "notification-url": "https://packagist.org/downloads/",
            "license": [
                "BSD-3-Clause",
                "GPL-2.0-only",
                "GPL-3.0-only"
            ],
            "authors": [
                {
                    "name": "David Grudl",
                    "homepage": "https://davidgrudl.com"
                },
                {
                    "name": "Nette Community",
                    "homepage": "https://nette.org/contributors"
                }
            ],
            "description": "Nette SafeStream: atomic and safe manipulation with files via native PHP functions.",
            "homepage": "https://nette.org",
            "keywords": [
                "atomic",
                "filesystem",
                "nette",
                "safe"
            ],
            "support": {
                "issues": "https://github.com/nette/safe-stream/issues",
                "source": "https://github.com/nette/safe-stream/tree/v2.4.2"
            },
            "time": "2021-06-02T14:42:24+00:00"
        },
        {
            "name": "nette/tester",
            "version": "v2.4.1",
            "source": {
                "type": "git",
                "url": "https://github.com/nette/tester.git",
                "reference": "b54326b3c1a2c6c76d2662a06b5ad5a10d822e98"
            },
            "dist": {
                "type": "zip",
                "url": "https://api.github.com/repos/nette/tester/zipball/b54326b3c1a2c6c76d2662a06b5ad5a10d822e98",
                "reference": "b54326b3c1a2c6c76d2662a06b5ad5a10d822e98",
                "shasum": ""
            },
            "require": {
                "php": ">=7.2 <8.2"
            },
            "require-dev": {
                "ext-simplexml": "*",
                "phpstan/phpstan": "^0.12"
            },
            "bin": [
                "src/tester"
            ],
            "type": "library",
            "extra": {
                "branch-alias": {
                    "dev-master": "2.4-dev"
                }
            },
            "autoload": {
                "classmap": [
                    "src/"
                ]
            },
            "notification-url": "https://packagist.org/downloads/",
            "license": [
                "BSD-3-Clause",
                "GPL-2.0-only",
                "GPL-3.0-only"
            ],
            "authors": [
                {
                    "name": "David Grudl",
                    "homepage": "https://davidgrudl.com"
                },
                {
                    "name": "Miloslav Hůla",
                    "homepage": "https://github.com/milo"
                },
                {
                    "name": "Nette Community",
                    "homepage": "https://nette.org/contributors"
                }
            ],
            "description": "Nette Tester: enjoyable unit testing in PHP with code coverage reporter. 🍏🍏🍎🍏",
            "homepage": "https://tester.nette.org",
            "keywords": [
                "Xdebug",
                "assertions",
                "clover",
                "code coverage",
                "nette",
                "pcov",
                "phpdbg",
                "phpunit",
                "testing",
                "unit"
            ],
            "support": {
                "issues": "https://github.com/nette/tester/issues",
                "source": "https://github.com/nette/tester/tree/v2.4.1"
            },
            "time": "2021-08-24T14:13:00+00:00"
        },
        {
            "name": "nette/utils",
            "version": "v3.2.3",
            "source": {
                "type": "git",
                "url": "https://github.com/nette/utils.git",
                "reference": "5c36cc1ba9bb6abb8a9e425cf054e0c3fd5b9822"
            },
            "dist": {
                "type": "zip",
                "url": "https://api.github.com/repos/nette/utils/zipball/5c36cc1ba9bb6abb8a9e425cf054e0c3fd5b9822",
                "reference": "5c36cc1ba9bb6abb8a9e425cf054e0c3fd5b9822",
                "shasum": ""
            },
            "require": {
                "php": ">=7.2 <8.1"
            },
            "conflict": {
                "nette/di": "<3.0.6"
            },
            "require-dev": {
                "nette/tester": "~2.0",
                "phpstan/phpstan": "^0.12",
                "tracy/tracy": "^2.3"
            },
            "suggest": {
                "ext-gd": "to use Image",
                "ext-iconv": "to use Strings::webalize(), toAscii(), chr() and reverse()",
                "ext-intl": "to use Strings::webalize(), toAscii(), normalize() and compare()",
                "ext-json": "to use Nette\\Utils\\Json",
                "ext-mbstring": "to use Strings::lower() etc...",
                "ext-tokenizer": "to use Nette\\Utils\\Reflection::getUseStatements()",
                "ext-xml": "to use Strings::length() etc. when mbstring is not available"
            },
            "type": "library",
            "extra": {
                "branch-alias": {
                    "dev-master": "3.2-dev"
                }
            },
            "autoload": {
                "classmap": [
                    "src/"
                ]
            },
            "notification-url": "https://packagist.org/downloads/",
            "license": [
                "BSD-3-Clause",
                "GPL-2.0-only",
                "GPL-3.0-only"
            ],
            "authors": [
                {
                    "name": "David Grudl",
                    "homepage": "https://davidgrudl.com"
                },
                {
                    "name": "Nette Community",
                    "homepage": "https://nette.org/contributors"
                }
            ],
            "description": "🛠  Nette Utils: lightweight utilities for string & array manipulation, image handling, safe JSON encoding/decoding, validation, slug or strong password generating etc.",
            "homepage": "https://nette.org",
            "keywords": [
                "array",
                "core",
                "datetime",
                "images",
                "json",
                "nette",
                "paginator",
                "password",
                "slugify",
                "string",
                "unicode",
                "utf-8",
                "utility",
                "validation"
            ],
            "support": {
                "issues": "https://github.com/nette/utils/issues",
                "source": "https://github.com/nette/utils/tree/v3.2.3"
            },
            "time": "2021-08-16T21:05:00+00:00"
        },
        {
            "name": "petrknap/php-profiler",
            "version": "v1.3.0",
            "source": {
                "type": "git",
                "url": "https://github.com/petrknap/php-profiler.git",
                "reference": "39fb47fb0fbdbc678128a046fd1c5e8d71064595"
            },
            "dist": {
                "type": "zip",
                "url": "https://api.github.com/repos/petrknap/php-profiler/zipball/39fb47fb0fbdbc678128a046fd1c5e8d71064595",
                "reference": "39fb47fb0fbdbc678128a046fd1c5e8d71064595",
                "shasum": ""
            },
            "require": {
                "php": ">=5.5"
            },
            "require-dev": {
                "phpunit/phpunit": "^4.8"
            },
            "type": "library",
            "autoload": {
                "psr-4": {
                    "PetrKnap\\Php\\Profiler\\": "src"
                },
                "files": []
            },
            "notification-url": "https://packagist.org/downloads/",
            "license": [
                "MIT"
            ],
            "authors": [
                {
                    "name": "Petr Knap",
                    "email": "dev@petrknap.cz"
                }
            ],
            "description": "PHP profiler",
            "homepage": "https://petrknap.github.io/docs/php-profiler.html",
            "support": {
                "issues": "https://github.com/petrknap/php-profiler/issues",
                "source": "https://github.com/petrknap/php-profiler/tree/master"
            },
            "time": "2017-05-29T10:14:28+00:00"
        },
        {
            "name": "petrknap/php-singleton",
            "version": "v1.0.0",
            "source": {
                "type": "git",
                "url": "https://github.com/petrknap/php-singleton.git",
                "reference": "dec131d0d6c72dd76b5a5c7940f04f14f5df7a20"
            },
            "dist": {
                "type": "zip",
                "url": "https://api.github.com/repos/petrknap/php-singleton/zipball/dec131d0d6c72dd76b5a5c7940f04f14f5df7a20",
                "reference": "dec131d0d6c72dd76b5a5c7940f04f14f5df7a20",
                "shasum": ""
            },
            "require": {
                "php": ">=5.4"
            },
            "require-dev": {
                "phpunit/phpunit": "4.*"
            },
            "type": "library",
            "autoload": {
                "psr-4": {
                    "PetrKnap\\Php\\Singleton\\": "src/Singleton"
                }
            },
            "notification-url": "https://packagist.org/downloads/",
            "license": [
                "MIT"
            ],
            "authors": [
                {
                    "name": "Petr Knap",
                    "email": "dev@petrknap.cz",
                    "homepage": "http://petrknap.cz"
                }
            ],
            "description": "Singleton pattern for PHP",
            "homepage": "https://github.com/petrknap/php-singleton",
            "support": {
                "issues": "https://github.com/petrknap/php-singleton/issues",
                "source": "https://github.com/petrknap/php-singleton/tree/master"
            },
            "time": "2016-09-22T07:59:18+00:00"
        },
        {
            "name": "tracy/tracy",
            "version": "v2.8.7",
            "source": {
                "type": "git",
                "url": "https://github.com/nette/tracy.git",
                "reference": "8e708de7c611f626c8792d43f1c78812ea24e6f6"
            },
            "dist": {
                "type": "zip",
                "url": "https://api.github.com/repos/nette/tracy/zipball/8e708de7c611f626c8792d43f1c78812ea24e6f6",
                "reference": "8e708de7c611f626c8792d43f1c78812ea24e6f6",
                "shasum": ""
            },
            "require": {
                "ext-json": "*",
                "ext-session": "*",
                "php": ">=7.2 <8.2"
            },
            "conflict": {
                "nette/di": "<3.0"
            },
            "require-dev": {
                "latte/latte": "^2.5",
                "nette/di": "^3.0",
                "nette/mail": "^3.0",
                "nette/tester": "^2.2",
                "nette/utils": "^3.0",
                "phpstan/phpstan": "^0.12",
                "psr/log": "^1.0"
            },
            "type": "library",
            "extra": {
                "branch-alias": {
                    "dev-master": "2.8-dev"
                }
            },
            "autoload": {
                "classmap": [
                    "src"
                ],
                "files": [
                    "src/Tracy/functions.php"
                ]
            },
            "notification-url": "https://packagist.org/downloads/",
            "license": [
                "BSD-3-Clause"
            ],
            "authors": [
                {
                    "name": "David Grudl",
                    "homepage": "https://davidgrudl.com"
                },
                {
                    "name": "Nette Community",
                    "homepage": "https://nette.org/contributors"
                }
            ],
            "description": "😎  Tracy: the addictive tool to ease debugging PHP code for cool developers. Friendly design, logging, profiler, advanced features like debugging AJAX calls or CLI support. You will love it.",
            "homepage": "https://tracy.nette.org",
            "keywords": [
                "Xdebug",
                "debug",
                "debugger",
                "nette",
                "profiler"
            ],
            "support": {
                "issues": "https://github.com/nette/tracy/issues",
                "source": "https://github.com/nette/tracy/tree/v2.8.7"
            },
            "time": "2021-08-24T16:26:27+00:00"
        }
    ],
    "packages-dev": [],
    "aliases": [],
    "minimum-stability": "stable",
    "stability-flags": [],
    "prefer-stable": false,
    "prefer-lowest": false,
    "platform": {
        "ext-mbstring": "*"
    },
    "platform-dev": [],
    "plugin-api-version": "2.1.0"
}
